# THIS IS AN AUTOGENERATED FILE. DO NOT EDIT THIS FILE DIRECTLY.
# yarn lockfile v1


"@types/angular@^1.6.6":
  version "1.6.6"
  resolved "https://registry.yarnpkg.com/@types/angular/-/angular-1.6.6.tgz#5009a7f58542e3325c4b5a8f12c06c2dd8eedd38"
  dependencies:
    "@types/jquery" "*"

"@types/jquery@*":
  version "2.0.40"
  resolved "https://registry.yarnpkg.com/@types/jquery/-/jquery-2.0.40.tgz#acdd69e29b74cdec15dc3c074bcb064bc1b87213"

angular@^1.6.2:
  version "1.6.2"
  resolved "https://registry.yarnpkg.com/angular/-/angular-1.6.2.tgz#d0b677242ac4bf9ae81424297c6320973af4bb5a"

systemjs@^0.20.9:
  version "0.20.9"
  resolved "https://registry.yarnpkg.com/systemjs/-/systemjs-0.20.9.tgz#80c00a89511a2064c3f57ce6e8f27784620477ec"
